
Microsoft Visual Studio Solution File, Format Version 12.00
# Visual Studio 15
VisualStudioVersion = 15.0.26228.4
MinimumVisualStudioVersion = 10.0.40219.1
Project("{9A19103F-16F7-4668-BE54-9A1E7A4F7556}") = "Lotus.Dispatching", "Lotus.Dispatching\Lotus.Dispatching.csproj", "{4E0EB456-7783-4171-9494-546CFD8B4ED3}"
EndProject
Project("{9A19103F-16F7-4668-BE54-9A1E7A4F7556}") = "Lotus.Serialization", "Lotus.Serialization\Lotus.Serialization.csproj", "{B75D2ADB-EC74-4B49-900E-06B31352A445}"
EndProject
Global
	GlobalSection(SolutionConfigurationPlatforms) = preSolution
		Debug|Any CPU = Debug|Any CPU
		Debug|x64 = Debug|x64
		Debug|x86 = Debug|x86
		Release|Any CPU = Release|Any CPU
		Release|x64 = Release|x64
		Release|x86 = Release|x86
	EndGlobalSection
	GlobalSection(ProjectConfigurationPlatforms) = postSolution
		{4E0EB456-7783-4171-9494-546CFD8B4ED3}.Debug|Any CPU.ActiveCfg = Debug|Any CPU
		{4E0EB456-7783-4171-9494-546CFD8B4ED3}.Debug|Any CPU.Build.0 = Debug|Any CPU
		{4E0EB456-7783-4171-9494-546CFD8B4ED3}.Debug|x64.ActiveCfg = Debug|Any CPU
		{4E0EB456-7783-4171-9494-546CFD8B4ED3}.Debug|x64.Build.0 = Debug|Any CPU
		{4E0EB456-7783-4171-9494-546CFD8B4ED3}.Debug|x86.ActiveCfg = Debug|Any CPU
		{4E0EB456-7783-4171-9494-546CFD8B4ED3}.Debug|x86.Build.0 = Debug|Any CPU
		{4E0EB456-7783-4171-9494-546CFD8B4ED3}.Release|Any CPU.ActiveCfg = Release|Any CPU
		{4E0EB456-7783-4171-9494-546CFD8B4ED3}.Release|Any CPU.Build.0 = Release|Any CPU
		{4E0EB456-7783-4171-9494-546CFD8B4ED3}.Release|x64.ActiveCfg = Release|Any CPU
		{4E0EB456-7783-4171-9494-546CFD8B4ED3}.Release|x64.Build.0 = Release|Any CPU
		{4E0EB456-7783-4171-9494-546CFD8B4ED3}.Release|x86.ActiveCfg = Release|Any CPU
		{4E0EB456-7783-4171-9494-546CFD8B4ED3}.Release|x86.Build.0 = Release|Any CPU
		{B75D2ADB-EC74-4B49-900E-06B31352A445}.Debug|Any CPU.ActiveCfg = Debug|Any CPU
		{B75D2ADB-EC74-4B49-900E-06B31352A445}.Debug|Any CPU.Build.0 = Debug|Any CPU
		{B75D2ADB-EC74-4B49-900E-06B31352A445}.Debug|x64.ActiveCfg = Debug|Any CPU
		{B75D2ADB-EC74-4B49-900E-06B31352A445}.Debug|x64.Build.0 = Debug|Any CPU
		{B75D2ADB-EC74-4B49-900E-06B31352A445}.Debug|x86.ActiveCfg = Debug|Any CPU
		{B75D2ADB-EC74-4B49-900E-06B31352A445}.Debug|x86.Build.0 = Debug|Any CPU
		{B75D2ADB-EC74-4B49-900E-06B31352A445}.Release|Any CPU.ActiveCfg = Release|Any CPU
		{B75D2ADB-EC74-4B49-900E-06B31352A445}.Release|Any CPU.Build.0 = Release|Any CPU
		{B75D2ADB-EC74-4B49-900E-06B31352A445}.Release|x64.ActiveCfg = Release|Any CPU
		{B75D2ADB-EC74-4B49-900E-06B31352A445}.Release|x64.Build.0 = Release|Any CPU
		{B75D2ADB-EC74-4B49-900E-06B31352A445}.Release|x86.ActiveCfg = Release|Any CPU
		{B75D2ADB-EC74-4B49-900E-06B31352A445}.Release|x86.Build.0 = Release|Any CPU
	EndGlobalSection
	GlobalSection(SolutionProperties) = preSolution
		HideSolutionNode = FALSE
	EndGlobalSection
EndGlobal
